
Microsoft Visual Studio Solution File, Format Version 12.00
# Visual Studio 2013
VisualStudioVersion = 12.0.31101.0
MinimumVisualStudioVersion = 10.0.40219.1
Project("{F2A71F9B-5D33-465A-A702-920D77279786}") = "Ruthefjord", "Ruthefjord\Ruthefjord.fsproj", "{8AC42BFA-8D32-4B3D-A51F-8ED54ED67A5A}"
EndProject
Project("{F2A71F9B-5D33-465A-A702-920D77279786}") = "RuthefjordUnitTests", "RuthefjordUnitTests\RuthefjordUnitTests.fsproj", "{F949F7D5-C389-47CF-8B9E-5EF7AC8EC11D}"
EndProject
Project("{F2A71F9B-5D33-465A-A702-920D77279786}") = "PerformanceTests", "PerformanceTests\PerformanceTests.fsproj", "{110C4F9D-6949-4426-9881-D8DBA168BDAA}"
EndProject
Global
	GlobalSection(SolutionConfigurationPlatforms) = preSolution
		Debug|Any CPU = Debug|Any CPU
		Release|Any CPU = Release|Any CPU
	EndGlobalSection
	GlobalSection(ProjectConfigurationPlatforms) = postSolution
		{8AC42BFA-8D32-4B3D-A51F-8ED54ED67A5A}.Debug|Any CPU.ActiveCfg = Debug|Any CPU
		{8AC42BFA-8D32-4B3D-A51F-8ED54ED67A5A}.Debug|Any CPU.Build.0 = Debug|Any CPU
		{8AC42BFA-8D32-4B3D-A51F-8ED54ED67A5A}.Release|Any CPU.ActiveCfg = Release|Any CPU
		{8AC42BFA-8D32-4B3D-A51F-8ED54ED67A5A}.Release|Any CPU.Build.0 = Release|Any CPU
		{F949F7D5-C389-47CF-8B9E-5EF7AC8EC11D}.Debug|Any CPU.ActiveCfg = Debug|Any CPU
		{F949F7D5-C389-47CF-8B9E-5EF7AC8EC11D}.Debug|Any CPU.Build.0 = Debug|Any CPU
		{F949F7D5-C389-47CF-8B9E-5EF7AC8EC11D}.Release|Any CPU.ActiveCfg = Release|Any CPU
		{F949F7D5-C389-47CF-8B9E-5EF7AC8EC11D}.Release|Any CPU.Build.0 = Release|Any CPU
		{110C4F9D-6949-4426-9881-D8DBA168BDAA}.Debug|Any CPU.ActiveCfg = Debug|Any CPU
		{110C4F9D-6949-4426-9881-D8DBA168BDAA}.Debug|Any CPU.Build.0 = Debug|Any CPU
		{110C4F9D-6949-4426-9881-D8DBA168BDAA}.Release|Any CPU.ActiveCfg = Release|Any CPU
		{110C4F9D-6949-4426-9881-D8DBA168BDAA}.Release|Any CPU.Build.0 = Release|Any CPU
	EndGlobalSection
	GlobalSection(SolutionProperties) = preSolution
		HideSolutionNode = FALSE
	EndGlobalSection
EndGlobal
